
Microsoft Visual Studio Solution File, Format Version 12.00
# Visual Studio Version 17
VisualStudioVersion = 17.10.35013.160
MinimumVisualStudioVersion = 10.0.40219.1
Project("{FAE04EC0-301F-11D3-BF4B-00C04F79EFBC}") = "HappyLittleStudents", "HappyLittleStudents\HappyLittleStudents.csproj", "{628DA24A-AC01-496C-967C-B690758FD32E}"
EndProject
Global
	GlobalSection(SolutionConfigurationPlatforms) = preSolution
		Debug|Any CPU = Debug|Any CPU
		Release|Any CPU = Release|Any CPU
	EndGlobalSection
	GlobalSection(ProjectConfigurationPlatforms) = postSolution
		{628DA24A-AC01-496C-967C-B690758FD32E}.Debug|Any CPU.ActiveCfg = Debug|Any CPU
		{628DA24A-AC01-496C-967C-B690758FD32E}.Debug|Any CPU.Build.0 = Debug|Any CPU
		{628DA24A-AC01-496C-967C-B690758FD32E}.Release|Any CPU.ActiveCfg = Release|Any CPU
		{628DA24A-AC01-496C-967C-B690758FD32E}.Release|Any CPU.Build.0 = Release|Any CPU
	EndGlobalSection
	GlobalSection(SolutionProperties) = preSolution
		HideSolutionNode = FALSE
	EndGlobalSection
	GlobalSection(ExtensibilityGlobals) = postSolution
		SolutionGuid = {551D6FF0-8102-489F-A9B2-9B8CF16AB8CB}
	EndGlobalSection
EndGlobal
